{
  "nodes": {
    "agenix": {
      "inputs": {
        "darwin": [],
        "home-manager": [
          "home-manager"
        ],
        "nixpkgs": [
          "nixpkgs"
        ],
        "systems": "systems"
      },
      "locked": {
        "lastModified": 1770165109,
        "narHash": "sha256-9VnK6Oqai65puVJ4WYtCTvlJeXxMzAp/69HhQuTdl/I=",
        "owner": "ryantm",
        "repo": "agenix",
        "rev": "b027ee29d959fda4b60b57566d64c98a202e0feb",
        "type": "github"
      },
      "original": {
        "owner": "ryantm",
        "repo": "agenix",
        "type": "github"
      }
    },
    "agent-browser": {
      "flake": false,
      "locked": {
        "lastModified": 1786403026,
        "narHash": "sha256-UdCBSe7w0ZgJimB7ixGcaabJjH3m6O0vB1SV9n9apfE=",
        "owner": "vercel-labs",
        "repo": "agent-browser",
        "rev": "548b159b30eef119ccf6846c8bc807d0eaa3f6f8",
        "type": "github"
      },
      "original": {
        "owner": "vercel-labs",
        "repo": "agent-browser",
        "type": "github"
      }
    },
    "darktable": {
      "flake": false,
      "locked": {
        "lastModified": 1786630395,
        "narHash": "sha256-8WhKh1D9ULeWFUQnFWYwqTlYfhyp8URjjLon20Msz0w=",
        "ref": "refs/heads/master",
        "rev": "747734da07fd551c22987a9abd7c4c909f63cc33",
        "revCount": 46814,
        "submodules": true,
        "type": "git",
        "url": "https://github.com/darktable-org/darktable"
      },
      "original": {
        "submodules": true,
        "type": "git",
        "url": "https://github.com/darktable-org/darktable"
      }
    },
    "dired-plus": {
      "flake": false,
      "locked": {
        "lastModified": 1784865760,
        "narHash": "sha256-3y3aisHglKLIOW/Tz1a8KC9//PfJ18yohRSGQAUQ344=",
        "owner": "emacsmirror",
        "repo": "dired-plus",
        "rev": "56f76725b5f151ed8a4ad17a62edf2fd592edb3a",
        "type": "github"
      },
      "original": {
        "owner": "emacsmirror",
        "repo": "dired-plus",
        "type": "github"
      }
    },
    "disko": {
      "inputs": {
        "nixpkgs": [
          "nixpkgs"
        ]
      },
      "locked": {
        "lastModified": 1781152676,
        "narHash": "sha256-RxWs5ND31KzTG7wvMM+PMfUjyNpmIEr999lqNARaM5o=",
        "owner": "nix-community",
        "repo": "disko",
        "rev": "ff8702b4de27f72b4c78573dfb89ec74e36abdf1",
        "type": "github"
      },
      "original": {
        "owner": "nix-community",
        "repo": "disko",
        "type": "github"
      }
    },
    "emacs-overlay": {
      "inputs": {
        "nixpkgs": [
          "nixpkgs"
        ],
        "nixpkgs-stable": [
          "nixpkgs"
        ]
      },
      "locked": {
        "lastModified": 1786616476,
        "narHash": "sha256-XXblucH6cjoDGKAih4rBWjIcyl7y0vwmxilP5PeapHA=",
        "owner": "nix-community",
        "repo": "emacs-overlay",
        "rev": "0bd39d6e8f837eb2d292565325b43f7a30a7d871",
        "type": "github"
      },
      "original": {
        "owner": "nix-community",
        "repo": "emacs-overlay",
        "type": "github"
      }
    },
    "gptel": {
      "flake": false,
      "locked": {
        "lastModified": 1786560936,
        "narHash": "sha256-PH82pSFABg1NEoapyZdl5alEEhJG2LCAIN8MXnu6hpQ=",
        "owner": "karthink",
        "repo": "gptel",
        "rev": "dc0280821c344ec10547e13179ea2095f6165f05",
        "type": "github"
      },
      "original": {
        "owner": "karthink",
        "repo": "gptel",
        "type": "github"
      }
    },
    "home-manager": {
      "inputs": {
        "nixpkgs": [
          "nixpkgs"
        ]
      },
      "locked": {
        "lastModified": 1786630952,
        "narHash": "sha256-a952+jEQ1I6sMd6yzi2GIsO/EFNtEFvzwbJ+oOG9Cg0=",
        "owner": "nix-community",
        "repo": "home-manager",
        "rev": "2d1bac51b2513914ace47797765c3265164de78e",
        "type": "github"
      },
      "original": {
        "owner": "nix-community",
        "repo": "home-manager",
        "type": "github"
      }
    },
    "hurl": {
      "flake": false,
      "locked": {
        "lastModified": 1786693632,
        "narHash": "sha256-YGRnlXqtO+4bGlck341LDCXIjbr58/14WdDzKWc94nM=",
        "owner": "Orange-OpenSource",
        "repo": "hurl",
        "rev": "eaa421075ba0074f8f82d56a3bd11c8509212717",
        "type": "github"
      },
      "original": {
        "owner": "Orange-OpenSource",
        "repo": "hurl",
        "type": "github"
      }
    },
    "iy-go-to-char": {
      "flake": false,
      "locked": {
        "lastModified": 1443320780,
        "narHash": "sha256-oZZDUNUG2ZQZ2jDxYSiBo1r2Vvnf9SHaOzPrjYcflS0=",
        "owner": "doitian",
        "repo": "iy-go-to-char",
        "rev": "04ab4f5f3a241cbbc9b8c178a22b412a62f632f9",
        "type": "github"
      },
      "original": {
        "owner": "doitian",
        "repo": "iy-go-to-char",
        "type": "github"
      }
    },
    "marginal": {
      "inputs": {
        "nixpkgs": [
          "nixpkgs"
        ]
      },
      "locked": {
        "lastModified": 1785827796,
        "narHash": "sha256-2/SjHHuLguRIehD6um4UPtY7XcreEpAXID1StC1Iymo=",
        "owner": "markus1189",
        "repo": "marginal",
        "rev": "105ec7ed0e497a614a13ccad4c32ee5bc34b4081",
        "type": "github"
      },
      "original": {
        "owner": "markus1189",
        "repo": "marginal",
        "type": "github"
      }
    },
    "nixpkgs": {
      "locked": {
        "lastModified": 1786599213,
        "narHash": "sha256-bJQAiqt1k7AJwlGyoYlQvi4DUeXqb5lhb6kYWDX1lvU=",
        "owner": "NixOS",
        "repo": "nixpkgs",
        "rev": "0e251e24a4f24e036a084b6b4b2d2491af4167f4",
        "type": "github"
      },
      "original": {
        "owner": "NixOS",
        "ref": "nixos-unstable",
        "repo": "nixpkgs",
        "type": "github"
      }
    },
    "nixpkgs-master": {
      "locked": {
        "lastModified": 1786631047,
        "narHash": "sha256-IYzcc0ShLyjG4E37mEMaS3Ko+C5Qi+vPiSlBiI18Psc=",
        "owner": "NixOS",
        "repo": "nixpkgs",
        "rev": "bbdf5de2e19dbd54258be5829a2881ce04c74880",
        "type": "github"
      },
      "original": {
        "owner": "NixOS",
        "ref": "master",
        "repo": "nixpkgs",
        "type": "github"
      }
    },
    "root": {
      "inputs": {
        "agenix": "agenix",
        "agent-browser": "agent-browser",
        "darktable": "darktable",
        "dired-plus": "dired-plus",
        "disko": "disko",
        "emacs-overlay": "emacs-overlay",
        "gptel": "gptel",
        "home-manager": "home-manager",
        "hurl": "hurl",
        "iy-go-to-char": "iy-go-to-char",
        "marginal": "marginal",
        "nixpkgs": "nixpkgs",
        "nixpkgs-master": "nixpkgs-master",
        "stevenblack-hosts": "stevenblack-hosts",
        "visidata": "visidata",
        "xclip": "xclip",
        "zsh-histdb": "zsh-histdb"
      }
    },
    "stevenblack-hosts": {
      "flake": false,
      "locked": {
        "lastModified": 1786482333,
        "narHash": "sha256-O5/rZCc2EBbebNFGlLqbt8K/x1BCwmdLmZ+JrzK7QIo=",
        "owner": "StevenBlack",
        "repo": "hosts",
        "rev": "3b5af80f247d80b54f91c9d0c1f1ed549484d6f4",
        "type": "github"
      },
      "original": {
        "owner": "StevenBlack",
        "repo": "hosts",
        "type": "github"
      }
    },
    "systems": {
      "locked": {
        "lastModified": 1681028828,
        "narHash": "sha256-Vy1rq5AaRuLzOxct8nz4T6wlgyUR7zLU309k9mBC768=",
        "owner": "nix-systems",
        "repo": "default",
        "rev": "da67096a3b9bf56a91d16901293e51ba5b49a27e",
        "type": "github"
      },
      "original": {
        "owner": "nix-systems",
        "repo": "default",
        "type": "github"
      }
    },
    "visidata": {
      "flake": false,
      "locked": {
        "lastModified": 1785870855,
        "narHash": "sha256-Xa0A+e3bfKwohsAizHNqjTLE7ksV3N2USy4jRoYhuYc=",
        "owner": "saulpw",
        "repo": "visidata",
        "rev": "ea9eecbc5d4be22dca627d911ea1a6347101cb75",
        "type": "github"
      },
      "original": {
        "owner": "saulpw",
        "ref": "develop",
        "repo": "visidata",
        "type": "github"
      }
    },
    "xclip": {
      "flake": false,
      "locked": {
        "lastModified": 1736460317,
        "narHash": "sha256-hHbq97GTKiRw8LZa/LY4LUOFOd/5H4+S+NR0BJfcu6M=",
        "owner": "astrand",
        "repo": "xclip",
        "rev": "2c3b811002b35d3be7f39cc1145dd06bdb32e31c",
        "type": "github"
      },
      "original": {
        "owner": "astrand",
        "repo": "xclip",
        "type": "github"
      }
    },
    "zsh-histdb": {
      "flake": false,
      "locked": {
        "lastModified": 1713463338,
        "narHash": "sha256-vtG1poaRVbfb/wKPChk1WpPgDq+7udLqLfYfLqap4Vg=",
        "owner": "larkery",
        "repo": "zsh-histdb",
        "rev": "90a6c104d0fcc0410d665e148fa7da28c49684eb",
        "type": "github"
      },
      "original": {
        "owner": "larkery",
        "repo": "zsh-histdb",
        "type": "github"
      }
    }
  },
  "root": "root",
  "version": 7
}
