{
  "nodes": {
    "agenix": {
      "inputs": {
        "darwin": [],
        "home-manager": [
          "home-manager"
        ],
        "nixpkgs": [
          "nixpkgs"
        ],
        "systems": "systems"
      },
      "locked": {
        "lastModified": 1770165109,
        "narHash": "sha256-9VnK6Oqai65puVJ4WYtCTvlJeXxMzAp/69HhQuTdl/I=",
        "owner": "ryantm",
        "repo": "agenix",
        "rev": "b027ee29d959fda4b60b57566d64c98a202e0feb",
        "type": "github"
      },
      "original": {
        "owner": "ryantm",
        "repo": "agenix",
        "type": "github"
      }
    },
    "bun2nix": {
      "inputs": {
        "flake-parts": [
          "llm-agents",
          "flake-parts"
        ],
        "nixpkgs": [
          "llm-agents",
          "nixpkgs"
        ],
        "systems": [
          "llm-agents",
          "systems"
        ],
        "treefmt-nix": [
          "llm-agents",
          "treefmt-nix"
        ]
      },
      "locked": {
        "lastModified": 1784665499,
        "narHash": "sha256-9BMxlTxCCDAeoNLtb1a/st7udtTIJep+wpUzquA29VU=",
        "owner": "nix-community",
        "repo": "bun2nix",
        "rev": "0f2a1f0b6f42cebe3b149bf62d38754c5e0e9729",
        "type": "github"
      },
      "original": {
        "owner": "nix-community",
        "repo": "bun2nix",
        "type": "github"
      }
    },
    "darktable": {
      "flake": false,
      "locked": {
        "lastModified": 1787075307,
        "narHash": "sha256-dqXEJhdbKF4Tc4fgib6UTgb9xTPqA/ccJHPU4742qkI=",
        "ref": "refs/heads/master",
        "rev": "9ef2601ae989fed63fff038e82e68262164df086",
        "revCount": 46903,
        "submodules": true,
        "type": "git",
        "url": "https://github.com/darktable-org/darktable"
      },
      "original": {
        "submodules": true,
        "type": "git",
        "url": "https://github.com/darktable-org/darktable"
      }
    },
    "disko": {
      "inputs": {
        "nixpkgs": [
          "nixpkgs"
        ]
      },
      "locked": {
        "lastModified": 1781152676,
        "narHash": "sha256-RxWs5ND31KzTG7wvMM+PMfUjyNpmIEr999lqNARaM5o=",
        "owner": "nix-community",
        "repo": "disko",
        "rev": "ff8702b4de27f72b4c78573dfb89ec74e36abdf1",
        "type": "github"
      },
      "original": {
        "owner": "nix-community",
        "repo": "disko",
        "type": "github"
      }
    },
    "emacs-overlay": {
      "inputs": {
        "nixpkgs": [
          "nixpkgs"
        ],
        "nixpkgs-stable": [
          "nixpkgs"
        ]
      },
      "locked": {
        "lastModified": 1787104856,
        "narHash": "sha256-Efjpf6CcgMOChNDFDezU5GoIOJZAYhwMeD01zwMkzjc=",
        "owner": "nix-community",
        "repo": "emacs-overlay",
        "rev": "efba085513b136becbbf4b3ce86291ebecadaac9",
        "type": "github"
      },
      "original": {
        "owner": "nix-community",
        "repo": "emacs-overlay",
        "type": "github"
      }
    },
    "fasd": {
      "flake": false,
      "locked": {
        "lastModified": 1760714751,
        "narHash": "sha256-fwqyXWKt9yWx71AojJybivL94GLoaHhsYyG/fDk73rI=",
        "owner": "whjvenyl",
        "repo": "fasd",
        "rev": "b56594bb40c47accf34973444a5531a61c13b570",
        "type": "github"
      },
      "original": {
        "owner": "whjvenyl",
        "repo": "fasd",
        "type": "github"
      }
    },
    "flake-parts": {
      "inputs": {
        "nixpkgs-lib": [
          "llm-agents",
          "nixpkgs"
        ]
      },
      "locked": {
        "lastModified": 1785627969,
        "narHash": "sha256-4dtXQk/NMePegK/nWp5NSeuZKLATItOq61lpEvmXqGw=",
        "owner": "hercules-ci",
        "repo": "flake-parts",
        "rev": "427bf4bd9435fdf21321c8cc628c24efc14c0f7a",
        "type": "github"
      },
      "original": {
        "owner": "hercules-ci",
        "repo": "flake-parts",
        "type": "github"
      }
    },
    "flake-utils": {
      "inputs": {
        "systems": "systems_2"
      },
      "locked": {
        "lastModified": 1731533236,
        "narHash": "sha256-l0KFg5HjrsfsO/JpG+r7fRrqm12kzFHyUHqHCVpMMbI=",
        "owner": "numtide",
        "repo": "flake-utils",
        "rev": "11707dc2f618dd54ca8739b309ec4fc024de578b",
        "type": "github"
      },
      "original": {
        "owner": "numtide",
        "repo": "flake-utils",
        "type": "github"
      }
    },
    "gptel": {
      "flake": false,
      "locked": {
        "lastModified": 1787114797,
        "narHash": "sha256-M9Qx8fdg/55B+ROMgCgjZHwoqBP1ZG3zAKwV0laYLV0=",
        "owner": "karthink",
        "repo": "gptel",
        "rev": "df4c9d8b768675bcde4a02b65eea67e2f6dcc6d4",
        "type": "github"
      },
      "original": {
        "owner": "karthink",
        "repo": "gptel",
        "type": "github"
      }
    },
    "hocket": {
      "inputs": {
        "flake-utils": "flake-utils",
        "nixpkgs": [
          "nixpkgs"
        ]
      },
      "locked": {
        "lastModified": 1787058445,
        "narHash": "sha256-6so5F5HD1YJCAkxz6aeV1xRIA8LdAt39C6JF59Si8UY=",
        "owner": "markus1189",
        "repo": "hocket",
        "rev": "396b2d16c450107e4bb85e790e6923127b9b642c",
        "type": "github"
      },
      "original": {
        "owner": "markus1189",
        "repo": "hocket",
        "type": "github"
      }
    },
    "home-manager": {
      "inputs": {
        "nixpkgs": [
          "nixpkgs"
        ]
      },
      "locked": {
        "lastModified": 1786999651,
        "narHash": "sha256-MTGMFlLDTklsXhCp4r5GXB4VAVadPdalXLvUjd/K7h0=",
        "owner": "nix-community",
        "repo": "home-manager",
        "rev": "353742587cbaf079b3caee743115d037bc51fea6",
        "type": "github"
      },
      "original": {
        "owner": "nix-community",
        "repo": "home-manager",
        "type": "github"
      }
    },
    "iy-go-to-char": {
      "flake": false,
      "locked": {
        "lastModified": 1443320780,
        "narHash": "sha256-oZZDUNUG2ZQZ2jDxYSiBo1r2Vvnf9SHaOzPrjYcflS0=",
        "owner": "doitian",
        "repo": "iy-go-to-char",
        "rev": "04ab4f5f3a241cbbc9b8c178a22b412a62f632f9",
        "type": "github"
      },
      "original": {
        "owner": "doitian",
        "repo": "iy-go-to-char",
        "type": "github"
      }
    },
    "llm-agents": {
      "inputs": {
        "bun2nix": "bun2nix",
        "flake-parts": "flake-parts",
        "nixpkgs": [
          "nixpkgs"
        ],
        "systems": "systems_3",
        "treefmt-nix": "treefmt-nix"
      },
      "locked": {
        "lastModified": 1787114088,
        "narHash": "sha256-LYHdEFpZ5Zx6VgKmbhG3SGEUUtV/zksg+YcZT3e9mHg=",
        "owner": "numtide",
        "repo": "llm-agents.nix",
        "rev": "c4c6673c4c1ceb69d845fa665a714e1273d0acac",
        "type": "github"
      },
      "original": {
        "owner": "numtide",
        "repo": "llm-agents.nix",
        "type": "github"
      }
    },
    "marginal": {
      "inputs": {
        "nixpkgs": [
          "nixpkgs"
        ]
      },
      "locked": {
        "lastModified": 1787126808,
        "narHash": "sha256-JfWhak05kLlWATC+jz2X6x8CLcMSFu/pheyZ8lk3pGM=",
        "owner": "markus1189",
        "repo": "marginal",
        "rev": "ebfc364fbce11b940c60baa9f71ef9e4593eedeb",
        "type": "github"
      },
      "original": {
        "owner": "markus1189",
        "repo": "marginal",
        "type": "github"
      }
    },
    "nix-index-database": {
      "inputs": {
        "nixpkgs": [
          "nixpkgs"
        ]
      },
      "locked": {
        "lastModified": 1786852476,
        "narHash": "sha256-IM5CYtf86W4w8eUPpKcY/LpdHElmVBtJhaKnoTKxZEA=",
        "owner": "nix-community",
        "repo": "nix-index-database",
        "rev": "c7962dc97b45129df8d751bedaf37beb5a17706e",
        "type": "github"
      },
      "original": {
        "owner": "nix-community",
        "repo": "nix-index-database",
        "type": "github"
      }
    },
    "nixpkgs": {
      "locked": {
        "lastModified": 1787070829,
        "narHash": "sha256-vXNVDVtvfiQuXthP0NHPFdNvvMTkGpx0UP8oddIWbNk=",
        "owner": "NixOS",
        "repo": "nixpkgs",
        "rev": "0ae2bc1419c3f345984c2629e72e7a631820fa4d",
        "type": "github"
      },
      "original": {
        "owner": "NixOS",
        "ref": "nixos-unstable",
        "repo": "nixpkgs",
        "type": "github"
      }
    },
    "nixpkgs-master": {
      "locked": {
        "lastModified": 1787127873,
        "narHash": "sha256-wGDERCTyqxhAGsMxiZJOCzHaD9blhGSQgNsWCBy0mIU=",
        "owner": "NixOS",
        "repo": "nixpkgs",
        "rev": "f5227433108cf8ccaed646002db07b3c4c29f040",
        "type": "github"
      },
      "original": {
        "owner": "NixOS",
        "ref": "master",
        "repo": "nixpkgs",
        "type": "github"
      }
    },
    "root": {
      "inputs": {
        "agenix": "agenix",
        "darktable": "darktable",
        "disko": "disko",
        "emacs-overlay": "emacs-overlay",
        "fasd": "fasd",
        "gptel": "gptel",
        "hocket": "hocket",
        "home-manager": "home-manager",
        "iy-go-to-char": "iy-go-to-char",
        "llm-agents": "llm-agents",
        "marginal": "marginal",
        "nix-index-database": "nix-index-database",
        "nixpkgs": "nixpkgs",
        "nixpkgs-master": "nixpkgs-master",
        "stevenblack-hosts": "stevenblack-hosts",
        "visidata": "visidata",
        "xclip": "xclip",
        "zsh-histdb": "zsh-histdb"
      }
    },
    "stevenblack-hosts": {
      "flake": false,
      "locked": {
        "lastModified": 1787063542,
        "narHash": "sha256-Hx0uXTIziup9rxXisg8pN9XkQWKtj/osRmlLWJM9pYk=",
        "owner": "StevenBlack",
        "repo": "hosts",
        "rev": "d1ff8cc2e811cf1e61f9da84dc560c2c782f3552",
        "type": "github"
      },
      "original": {
        "owner": "StevenBlack",
        "repo": "hosts",
        "type": "github"
      }
    },
    "systems": {
      "locked": {
        "lastModified": 1681028828,
        "narHash": "sha256-Vy1rq5AaRuLzOxct8nz4T6wlgyUR7zLU309k9mBC768=",
        "owner": "nix-systems",
        "repo": "default",
        "rev": "da67096a3b9bf56a91d16901293e51ba5b49a27e",
        "type": "github"
      },
      "original": {
        "owner": "nix-systems",
        "repo": "default",
        "type": "github"
      }
    },
    "systems_2": {
      "locked": {
        "lastModified": 1681028828,
        "narHash": "sha256-Vy1rq5AaRuLzOxct8nz4T6wlgyUR7zLU309k9mBC768=",
        "owner": "nix-systems",
        "repo": "default",
        "rev": "da67096a3b9bf56a91d16901293e51ba5b49a27e",
        "type": "github"
      },
      "original": {
        "owner": "nix-systems",
        "repo": "default",
        "type": "github"
      }
    },
    "systems_3": {
      "locked": {
        "lastModified": 1681028828,
        "narHash": "sha256-Vy1rq5AaRuLzOxct8nz4T6wlgyUR7zLU309k9mBC768=",
        "owner": "nix-systems",
        "repo": "default",
        "rev": "da67096a3b9bf56a91d16901293e51ba5b49a27e",
        "type": "github"
      },
      "original": {
        "owner": "nix-systems",
        "repo": "default",
        "type": "github"
      }
    },
    "treefmt-nix": {
      "inputs": {
        "nixpkgs": [
          "llm-agents",
          "nixpkgs"
        ]
      },
      "locked": {
        "lastModified": 1786901030,
        "narHash": "sha256-WSFCsDSE5ffgD2MqzkM2CYjeFiKhRF/dJUN8uedb6YE=",
        "owner": "numtide",
        "repo": "treefmt-nix",
        "rev": "27b3b12a8e6375f28ebe122f07d230ca5459bbfa",
        "type": "github"
      },
      "original": {
        "owner": "numtide",
        "repo": "treefmt-nix",
        "type": "github"
      }
    },
    "visidata": {
      "flake": false,
      "locked": {
        "lastModified": 1786819964,
        "narHash": "sha256-s8peJ4D0wujSISr7+iMD6LlNnsmuviiuuc2tYHA/iCI=",
        "owner": "saulpw",
        "repo": "visidata",
        "rev": "c7f91babc9ac44588225fa5b56ac09da02916d06",
        "type": "github"
      },
      "original": {
        "owner": "saulpw",
        "ref": "develop",
        "repo": "visidata",
        "type": "github"
      }
    },
    "xclip": {
      "flake": false,
      "locked": {
        "lastModified": 1736460317,
        "narHash": "sha256-hHbq97GTKiRw8LZa/LY4LUOFOd/5H4+S+NR0BJfcu6M=",
        "owner": "astrand",
        "repo": "xclip",
        "rev": "2c3b811002b35d3be7f39cc1145dd06bdb32e31c",
        "type": "github"
      },
      "original": {
        "owner": "astrand",
        "repo": "xclip",
        "type": "github"
      }
    },
    "zsh-histdb": {
      "flake": false,
      "locked": {
        "lastModified": 1713463338,
        "narHash": "sha256-vtG1poaRVbfb/wKPChk1WpPgDq+7udLqLfYfLqap4Vg=",
        "owner": "larkery",
        "repo": "zsh-histdb",
        "rev": "90a6c104d0fcc0410d665e148fa7da28c49684eb",
        "type": "github"
      },
      "original": {
        "owner": "larkery",
        "repo": "zsh-histdb",
        "type": "github"
      }
    }
  },
  "root": "root",
  "version": 7
}
