{
  "nodes": {
    "agenix": {
      "inputs": {
        "darwin": [],
        "home-manager": [
          "home-manager"
        ],
        "nixpkgs": [
          "nixpkgs"
        ],
        "systems": "systems"
      },
      "locked": {
        "lastModified": 1770165109,
        "narHash": "sha256-9VnK6Oqai65puVJ4WYtCTvlJeXxMzAp/69HhQuTdl/I=",
        "owner": "ryantm",
        "repo": "agenix",
        "rev": "b027ee29d959fda4b60b57566d64c98a202e0feb",
        "type": "github"
      },
      "original": {
        "owner": "ryantm",
        "repo": "agenix",
        "type": "github"
      }
    },
    "agent-browser": {
      "flake": false,
      "locked": {
        "lastModified": 1786403026,
        "narHash": "sha256-UdCBSe7w0ZgJimB7ixGcaabJjH3m6O0vB1SV9n9apfE=",
        "owner": "vercel-labs",
        "repo": "agent-browser",
        "rev": "548b159b30eef119ccf6846c8bc807d0eaa3f6f8",
        "type": "github"
      },
      "original": {
        "owner": "vercel-labs",
        "repo": "agent-browser",
        "type": "github"
      }
    },
    "darktable": {
      "flake": false,
      "locked": {
        "lastModified": 1786895843,
        "narHash": "sha256-2Lb73qgp/QEKwij+1nDX6Lj9diK32S2MH8cXnZ8ZliY=",
        "ref": "refs/heads/master",
        "rev": "13f3092df1c695cadb8a0e35ba607d8f98dd1258",
        "revCount": 46893,
        "submodules": true,
        "type": "git",
        "url": "https://github.com/darktable-org/darktable"
      },
      "original": {
        "submodules": true,
        "type": "git",
        "url": "https://github.com/darktable-org/darktable"
      }
    },
    "dired-plus": {
      "flake": false,
      "locked": {
        "lastModified": 1784865760,
        "narHash": "sha256-3y3aisHglKLIOW/Tz1a8KC9//PfJ18yohRSGQAUQ344=",
        "owner": "emacsmirror",
        "repo": "dired-plus",
        "rev": "56f76725b5f151ed8a4ad17a62edf2fd592edb3a",
        "type": "github"
      },
      "original": {
        "owner": "emacsmirror",
        "repo": "dired-plus",
        "type": "github"
      }
    },
    "disko": {
      "inputs": {
        "nixpkgs": [
          "nixpkgs"
        ]
      },
      "locked": {
        "lastModified": 1781152676,
        "narHash": "sha256-RxWs5ND31KzTG7wvMM+PMfUjyNpmIEr999lqNARaM5o=",
        "owner": "nix-community",
        "repo": "disko",
        "rev": "ff8702b4de27f72b4c78573dfb89ec74e36abdf1",
        "type": "github"
      },
      "original": {
        "owner": "nix-community",
        "repo": "disko",
        "type": "github"
      }
    },
    "emacs-overlay": {
      "inputs": {
        "nixpkgs": [
          "nixpkgs"
        ],
        "nixpkgs-stable": [
          "nixpkgs"
        ]
      },
      "locked": {
        "lastModified": 1786897511,
        "narHash": "sha256-oMslJH2wMigxjG6fjThBvusq5clx5+Fja5ZPP+Gfa1o=",
        "owner": "nix-community",
        "repo": "emacs-overlay",
        "rev": "8e33839aa897b0c340d733ae24b99fc2c31b3b01",
        "type": "github"
      },
      "original": {
        "owner": "nix-community",
        "repo": "emacs-overlay",
        "type": "github"
      }
    },
    "fasd": {
      "flake": false,
      "locked": {
        "lastModified": 1760714751,
        "narHash": "sha256-fwqyXWKt9yWx71AojJybivL94GLoaHhsYyG/fDk73rI=",
        "owner": "whjvenyl",
        "repo": "fasd",
        "rev": "b56594bb40c47accf34973444a5531a61c13b570",
        "type": "github"
      },
      "original": {
        "owner": "whjvenyl",
        "repo": "fasd",
        "type": "github"
      }
    },
    "gptel": {
      "flake": false,
      "locked": {
        "lastModified": 1786656744,
        "narHash": "sha256-mrKHLyvJEBueWWzfrDm3sdAxUS70HZ5YFxuFvzDKhfI=",
        "owner": "karthink",
        "repo": "gptel",
        "rev": "ac4e1fe736f37cf6d3927cd3ebc26f54d383425a",
        "type": "github"
      },
      "original": {
        "owner": "karthink",
        "repo": "gptel",
        "type": "github"
      }
    },
    "home-manager": {
      "inputs": {
        "nixpkgs": [
          "nixpkgs"
        ]
      },
      "locked": {
        "lastModified": 1786887553,
        "narHash": "sha256-0J8EwNSJ/2OeyuvXgfG+k5uBT1gkg0ww7VEo+14xl50=",
        "owner": "nix-community",
        "repo": "home-manager",
        "rev": "5bd505963717a894b02a57cdbcc00db28d9b029f",
        "type": "github"
      },
      "original": {
        "owner": "nix-community",
        "repo": "home-manager",
        "type": "github"
      }
    },
    "iy-go-to-char": {
      "flake": false,
      "locked": {
        "lastModified": 1443320780,
        "narHash": "sha256-oZZDUNUG2ZQZ2jDxYSiBo1r2Vvnf9SHaOzPrjYcflS0=",
        "owner": "doitian",
        "repo": "iy-go-to-char",
        "rev": "04ab4f5f3a241cbbc9b8c178a22b412a62f632f9",
        "type": "github"
      },
      "original": {
        "owner": "doitian",
        "repo": "iy-go-to-char",
        "type": "github"
      }
    },
    "marginal": {
      "inputs": {
        "nixpkgs": [
          "nixpkgs"
        ]
      },
      "locked": {
        "lastModified": 1786853444,
        "narHash": "sha256-UMyEH6PIk3tWjQBSj0X3Y8A/dW7pxLGOqs9z5DgVIBE=",
        "owner": "markus1189",
        "repo": "marginal",
        "rev": "b42838f58dab939e54e46fe2de3e58594cffe091",
        "type": "github"
      },
      "original": {
        "owner": "markus1189",
        "repo": "marginal",
        "type": "github"
      }
    },
    "nix-index-database": {
      "inputs": {
        "nixpkgs": [
          "nixpkgs"
        ]
      },
      "locked": {
        "lastModified": 1786852476,
        "narHash": "sha256-IM5CYtf86W4w8eUPpKcY/LpdHElmVBtJhaKnoTKxZEA=",
        "owner": "nix-community",
        "repo": "nix-index-database",
        "rev": "c7962dc97b45129df8d751bedaf37beb5a17706e",
        "type": "github"
      },
      "original": {
        "owner": "nix-community",
        "repo": "nix-index-database",
        "type": "github"
      }
    },
    "nixpkgs": {
      "locked": {
        "lastModified": 1786862985,
        "narHash": "sha256-FBJRXmbGXiSUDvYEbfLYRkckayyZ6SK1UEqhCrIZ2Cs=",
        "owner": "NixOS",
        "repo": "nixpkgs",
        "rev": "e5bdc4a41d4c072fe1e3787eaa0320a384741d44",
        "type": "github"
      },
      "original": {
        "owner": "NixOS",
        "ref": "nixos-unstable",
        "repo": "nixpkgs",
        "type": "github"
      }
    },
    "nixpkgs-master": {
      "locked": {
        "lastModified": 1786898896,
        "narHash": "sha256-zqwgpXzb3aO2cbjBY3iSDLWduH1CbOXFfVr32SLIQrw=",
        "owner": "NixOS",
        "repo": "nixpkgs",
        "rev": "be9b885425e1822a6620e0a03762b0b146eb669a",
        "type": "github"
      },
      "original": {
        "owner": "NixOS",
        "ref": "master",
        "repo": "nixpkgs",
        "type": "github"
      }
    },
    "root": {
      "inputs": {
        "agenix": "agenix",
        "agent-browser": "agent-browser",
        "darktable": "darktable",
        "dired-plus": "dired-plus",
        "disko": "disko",
        "emacs-overlay": "emacs-overlay",
        "fasd": "fasd",
        "gptel": "gptel",
        "home-manager": "home-manager",
        "iy-go-to-char": "iy-go-to-char",
        "marginal": "marginal",
        "nix-index-database": "nix-index-database",
        "nixpkgs": "nixpkgs",
        "nixpkgs-master": "nixpkgs-master",
        "stevenblack-hosts": "stevenblack-hosts",
        "visidata": "visidata",
        "xclip": "xclip",
        "zsh-histdb": "zsh-histdb"
      }
    },
    "stevenblack-hosts": {
      "flake": false,
      "locked": {
        "lastModified": 1786668571,
        "narHash": "sha256-Dy/w+8TTxRzYpJY6sPLJAEMrAYYuxYX7PXfA+BrKPf0=",
        "owner": "StevenBlack",
        "repo": "hosts",
        "rev": "35db0ae94f7552dfd18218baffe74bd720a585f7",
        "type": "github"
      },
      "original": {
        "owner": "StevenBlack",
        "repo": "hosts",
        "type": "github"
      }
    },
    "systems": {
      "locked": {
        "lastModified": 1681028828,
        "narHash": "sha256-Vy1rq5AaRuLzOxct8nz4T6wlgyUR7zLU309k9mBC768=",
        "owner": "nix-systems",
        "repo": "default",
        "rev": "da67096a3b9bf56a91d16901293e51ba5b49a27e",
        "type": "github"
      },
      "original": {
        "owner": "nix-systems",
        "repo": "default",
        "type": "github"
      }
    },
    "visidata": {
      "flake": false,
      "locked": {
        "lastModified": 1786819964,
        "narHash": "sha256-s8peJ4D0wujSISr7+iMD6LlNnsmuviiuuc2tYHA/iCI=",
        "owner": "saulpw",
        "repo": "visidata",
        "rev": "c7f91babc9ac44588225fa5b56ac09da02916d06",
        "type": "github"
      },
      "original": {
        "owner": "saulpw",
        "ref": "develop",
        "repo": "visidata",
        "type": "github"
      }
    },
    "xclip": {
      "flake": false,
      "locked": {
        "lastModified": 1736460317,
        "narHash": "sha256-hHbq97GTKiRw8LZa/LY4LUOFOd/5H4+S+NR0BJfcu6M=",
        "owner": "astrand",
        "repo": "xclip",
        "rev": "2c3b811002b35d3be7f39cc1145dd06bdb32e31c",
        "type": "github"
      },
      "original": {
        "owner": "astrand",
        "repo": "xclip",
        "type": "github"
      }
    },
    "zsh-histdb": {
      "flake": false,
      "locked": {
        "lastModified": 1713463338,
        "narHash": "sha256-vtG1poaRVbfb/wKPChk1WpPgDq+7udLqLfYfLqap4Vg=",
        "owner": "larkery",
        "repo": "zsh-histdb",
        "rev": "90a6c104d0fcc0410d665e148fa7da28c49684eb",
        "type": "github"
      },
      "original": {
        "owner": "larkery",
        "repo": "zsh-histdb",
        "type": "github"
      }
    }
  },
  "root": "root",
  "version": 7
}
